
Microsoft Visual Studio Solution File, Format Version 12.00
# Visual Studio Version 16
VisualStudioVersion = 16.0.32413.511
MinimumVisualStudioVersion = 10.0.40219.1
Project("{FAE04EC0-301F-11D3-BF4B-00C04F79EFBC}") = "TeseractProb", "TeseractProb\TeseractProb.csproj", "{9DDA834C-4918-4760-AAB7-28C1491AFDC3}"
EndProject
Global
	GlobalSection(SolutionConfigurationPlatforms) = preSolution
		Debug|Any CPU = Debug|Any CPU
		Release|Any CPU = Release|Any CPU
	EndGlobalSection
	GlobalSection(ProjectConfigurationPlatforms) = postSolution
		{9DDA834C-4918-4760-AAB7-28C1491AFDC3}.Debug|Any CPU.ActiveCfg = Debug|Any CPU
		{9DDA834C-4918-4760-AAB7-28C1491AFDC3}.Debug|Any CPU.Build.0 = Debug|Any CPU
		{9DDA834C-4918-4760-AAB7-28C1491AFDC3}.Release|Any CPU.ActiveCfg = Release|Any CPU
		{9DDA834C-4918-4760-AAB7-28C1491AFDC3}.Release|Any CPU.Build.0 = Release|Any CPU
	EndGlobalSection
	GlobalSection(SolutionProperties) = preSolution
		HideSolutionNode = FALSE
	EndGlobalSection
	GlobalSection(ExtensibilityGlobals) = postSolution
		SolutionGuid = {189D244C-E399-4E63-BFA7-946F27C96DAA}
	EndGlobalSection
EndGlobal
